
Microsoft Visual Studio Solution File, Format Version 12.00
# Visual Studio Version 17
VisualStudioVersion = 17.14.36518.9 d17.14
MinimumVisualStudioVersion = 10.0.40219.1
Project("{FAE04EC0-301F-11D3-BF4B-00C04F79EFBC}") = "FitnessTracker", "FitnessTracker.csproj", "{D14FD07D-F383-49E0-A9CA-BE29E28DBEC0}"
EndProject
Global
	GlobalSection(SolutionConfigurationPlatforms) = preSolution
		Debug|Any CPU = Debug|Any CPU
		Release|Any CPU = Release|Any CPU
	EndGlobalSection
	GlobalSection(ProjectConfigurationPlatforms) = postSolution
		{D14FD07D-F383-49E0-A9CA-BE29E28DBEC0}.Debug|Any CPU.ActiveCfg = Debug|Any CPU
		{D14FD07D-F383-49E0-A9CA-BE29E28DBEC0}.Debug|Any CPU.Build.0 = Debug|Any CPU
		{D14FD07D-F383-49E0-A9CA-BE29E28DBEC0}.Debug|Any CPU.Deploy.0 = Debug|Any CPU
		{D14FD07D-F383-49E0-A9CA-BE29E28DBEC0}.Release|Any CPU.ActiveCfg = Release|Any CPU
		{D14FD07D-F383-49E0-A9CA-BE29E28DBEC0}.Release|Any CPU.Build.0 = Release|Any CPU
		{D14FD07D-F383-49E0-A9CA-BE29E28DBEC0}.Release|Any CPU.Deploy.0 = Release|Any CPU
	EndGlobalSection
	GlobalSection(SolutionProperties) = preSolution
		HideSolutionNode = FALSE
	EndGlobalSection
	GlobalSection(ExtensibilityGlobals) = postSolution
		SolutionGuid = {3B66EF3C-B37D-40A4-BFDF-5BDC9EBE83E4}
	EndGlobalSection
EndGlobal
